// !$*UTF8*$!
{
	archiveVersion = 1;
	classes = {
	};
	objectVersion = 50;
	objects = {

/* Begin PBXBuildFile section */
		BC28220E22C3B8B8009FF4FD /* AppDelegate.swift in Sources */ = {isa = PBXBuildFile; fileRef = BC28220D22C3B8B8009FF4FD /* AppDelegate.swift */; };
		BC28221022C3B8B8009FF4FD /* ViewController.swift in Sources */ = {isa = PBXBuildFile; fileRef = BC28220F22C3B8B8009FF4FD /* ViewController.swift */; };
		BC28221322C3B8B8009FF4FD /* Main.storyboard in Resources */ = {isa = PBXBuildFile; fileRef = BC28221122C3B8B8009FF4FD /* Main.storyboard */; };
		BC28221522C3B8B9009FF4FD /* Assets.xcassets in Resources */ = {isa = PBXBuildFile; fileRef = BC28221422C3B8B9009FF4FD /* Assets.xcassets */; };
		BC28221822C3B8B9009FF4FD /* LaunchScreen.storyboard in Resources */ = {isa = PBXBuildFile; fileRef = BC28221622C3B8B9009FF4FD /* LaunchScreen.storyboard */; };
		BC4BEC2522C3BE4000607C40 /* TravelingTypewriter.ttf in Resources */ = {isa = PBXBuildFile; fileRef = BC28221F22C3B951009FF4FD /* TravelingTypewriter.ttf */; };
		BC4BEC2722C3BF9000607C40 /* Answers.txt in Resources */ = {isa = PBXBuildFile; fileRef = BC4BEC2622C3BF9000607C40 /* Answers.txt */; };
/* End PBXBuildFile section */

/* Begin PBXFileReference section */
		BC28220A22C3B8B8009FF4FD /* Askery.app */ = {isa = PBXFileReference; explicitFileType = wrapper.application; includeInIndex = 0; path = Askery.app; sourceTree = BUILT_PRODUCTS_DIR; };
		BC28220D22C3B8B8009FF4FD /* AppDelegate.swift */ = {isa = PBXFileReference; lastKnownFileType = sourcecode.swift; path = AppDelegate.swift; sourceTree = "<group>"; };
		BC28220F22C3B8B8009FF4FD /* ViewController.swift */ = {isa = PBXFileReference; lastKnownFileType = sourcecode.swift; path = ViewController.swift; sourceTree = "<group>"; };
		BC28221222C3B8B8009FF4FD /* Base */ = {isa = PBXFileReference; lastKnownFileType = file.storyboard; name = Base; path = Base.lproj/Main.storyboard; sourceTree = "<group>"; };
		BC28221422C3B8B9009FF4FD /* Assets.xcassets */ = {isa = PBXFileReference; lastKnownFileType = folder.assetcatalog; path = Assets.xcassets; sourceTree = "<group>"; };
		BC28221722C3B8B9009FF4FD /* Base */ = {isa = PBXFileReference; lastKnownFileType = file.storyboard; name = Base; path = Base.lproj/LaunchScreen.storyboard; sourceTree = "<group>"; };
		BC28221922C3B8B9009FF4FD /* Info.plist */ = {isa = PBXFileReference; lastKnownFileType = text.plist.xml; path = Info.plist; sourceTree = "<group>"; };
		BC28221F22C3B951009FF4FD /* TravelingTypewriter.ttf */ = {isa = PBXFileReference; lastKnownFileType = file; path = TravelingTypewriter.ttf; sourceTree = "<group>"; };
		BC4BEC2622C3BF9000607C40 /* Answers.txt */ = {isa = PBXFileReference; fileEncoding = 4; lastKnownFileType = text; path = Answers.txt; sourceTree = "<group>"; };
/* End PBXFileReference section */

/* Begin PBXFrameworksBuildPhase section */
		BC28220722C3B8B8009FF4FD /* Frameworks */ = {
			isa = PBXFrameworksBuildPhase;
			buildActionMask = 2147483647;
			files = (
			);
			runOnlyForDeploymentPostprocessing = 0;
		};
/* End PBXFrameworksBuildPhase section */

/* Begin PBXGroup section */
		BC28220122C3B8B8009FF4FD = {
			isa = PBXGroup;
			children = (
				BC28220C22C3B8B8009FF4FD /* Askery */,
				BC28220B22C3B8B8009FF4FD /* Products */,
			);
			sourceTree = "<group>";
		};
		BC28220B22C3B8B8009FF4FD /* Products */ = {
			isa = PBXGroup;
			children = (
				BC28220A22C3B8B8009FF4FD /* Askery.app */,
			);
			name = Products;
			sourceTree = "<group>";
		};
		BC28220C22C3B8B8009FF4FD /* Askery */ = {
			isa = PBXGroup;
			children = (
				BC28221F22C3B951009FF4FD /* TravelingTypewriter.ttf */,
				BC4BEC2622C3BF9000607C40 /* Answers.txt */,
				BC28220D22C3B8B8009FF4FD /* AppDelegate.swift */,
				BC28220F22C3B8B8009FF4FD /* ViewController.swift */,
				BC28221122C3B8B8009FF4FD /* Main.storyboard */,
				BC28221422C3B8B9009FF4FD /* Assets.xcassets */,
				BC28221622C3B8B9009FF4FD /* LaunchScreen.storyboard */,
				BC28221922C3B8B9009FF4FD /* Info.plist */,
			);
			path = Askery;
			sourceTree = "<group>";
		};
/* End PBXGroup section */

/* Begin PBXNativeTarget section */
		BC28220922C3B8B8009FF4FD /* Askery */ = {
			isa = PBXNativeTarget;
			buildConfigurationList = BC28221C22C3B8B9009FF4FD /* Build configuration list for PBXNativeTarget "Askery" */;
			buildPhases = (
				BC28220622C3B8B8009FF4FD /* Sources */,
				BC28220722C3B8B8009FF4FD /* Frameworks */,
				BC28220822C3B8B8009FF4FD /* Resources */,
			);
			buildRules = (
			);
			dependencies = (
			);
			name = Askery;
			productName = Askery;
			productReference = BC28220A22C3B8B8009FF4FD /* Askery.app */;
			productType = "com.apple.product-type.application";
		};
/* End PBXNativeTarget section */

/* Begin PBXProject section */
		BC28220222C3B8B8009FF4FD /* Project object */ = {
			isa = PBXProject;
			attributes = {
				LastSwiftUpdateCheck = 1020;
				LastUpgradeCheck = 1020;
				ORGANIZATIONNAME = Vincidevs;
				TargetAttributes = {
					BC28220922C3B8B8009FF4FD = {
						CreatedOnToolsVersion = 10.2.1;
					};
				};
			};
			buildConfigurationList = BC28220522C3B8B8009FF4FD /* Build configuration list for PBXProject "Askery" */;
			compatibilityVersion = "Xcode 9.3";
			developmentRegion = en;
			hasScannedForEncodings = 0;
			knownRegions = (
				en,
				Base,
			);
			mainGroup = BC28220122C3B8B8009FF4FD;
			productRefGroup = BC28220B22C3B8B8009FF4FD /* Products */;
			projectDirPath = "";
			projectRoot = "";
			targets = (
				BC28220922C3B8B8009FF4FD /* Askery */,
			);
		};
/* End PBXProject section */

/* Begin PBXResourcesBuildPhase section */
		BC28220822C3B8B8009FF4FD /* Resources */ = {
			isa = PBXResourcesBuildPhase;
			buildActionMask = 2147483647;
			files = (
				BC4BEC2722C3BF9000607C40 /* Answers.txt in Resources */,
				BC28221822C3B8B9009FF4FD /* LaunchScreen.storyboard in Resources */,
				BC28221522C3B8B9009FF4FD /* Assets.xcassets in Resources */,
				BC4BEC2522C3BE4000607C40 /* TravelingTypewriter.ttf in Resources */,
				BC28221322C3B8B8009FF4FD /* Main.storyboard in Resources */,
			);
			runOnlyForDeploymentPostprocessing = 0;
		};
/* End PBXResourcesBuildPhase section */

/* Begin PBXSourcesBuildPhase section */
		BC28220622C3B8B8009FF4FD /* Sources */ = {
			isa = PBXSourcesBuildPhase;
			buildActionMask = 2147483647;
			files = (
				BC28221022C3B8B8009FF4FD /* ViewController.swift in Sources */,
				BC28220E22C3B8B8009FF4FD /* AppDelegate.swift in Sources */,
			);
			runOnlyForDeploymentPostprocessing = 0;
		};
/* End PBXSourcesBuildPhase section */

/* Begin PBXVariantGroup section */
		BC28221122C3B8B8009FF4FD /* Main.storyboard */ = {
			isa = PBXVariantGroup;
			children = (
				BC28221222C3B8B8009FF4FD /* Base */,
			);
			name = Main.storyboard;
			sourceTree = "<group>";
		};
		BC28221622C3B8B9009FF4FD /* LaunchScreen.storyboard */ = {
			isa = PBXVariantGroup;
			children = (
				BC28221722C3B8B9009FF4FD /* Base */,
			);
			name = LaunchScreen.storyboard;
			sourceTree = "<group>";
		};
/* End PBXVariantGroup section */

/* Begin XCBuildConfiguration section */
		BC28221A22C3B8B9009FF4FD /* Debug */ = {
			isa = XCBuildConfiguration;
			buildSettings = {
				ALWAYS_SEARCH_USER_PATHS = NO;
				CLANG_ANALYZER_NONNULL = YES;
				CLANG_ANALYZER_NUMBER_OBJECT_CONVERSION = YES_AGGRESSIVE;
				CLANG_CXX_LANGUAGE_STANDARD = "gnu++14";
				CLANG_CXX_LIBRARY = "libc++";
				CLANG_ENABLE_MODULES = YES;
				CLANG_ENABLE_OBJC_ARC = YES;
				CLANG_ENABLE_OBJC_WEAK = YES;
				CLANG_WARN_BLOCK_CAPTURE_AUTORELEASING = YES;
				CLANG_WARN_BOOL_CONVERSION = YES;
				CLANG_WARN_COMMA = YES;
				CLANG_WARN_CONSTANT_CONVERSION = YES;
				CLANG_WARN_DEPRECATED_OBJC_IMPLEMENTATIONS = YES;
				CLANG_WARN_DIRECT_OBJC_ISA_USAGE = YES_ERROR;
				CLANG_WARN_DOCUMENTATION_COMMENTS = YES;
				CLANG_WARN_EMPTY_BODY = YES;
				CLANG_WARN_ENUM_CONVERSION = YES;
				CLANG_WARN_INFINITE_RECURSION = YES;
				CLANG_WARN_INT_CONVERSION = YES;
				CLANG_WARN_NON_LITERAL_NULL_CONVERSION = YES;
				CLANG_WARN_OBJC_IMPLICIT_RETAIN_SELF = YES;
				CLANG_WARN_OBJC_LITERAL_CONVERSION = YES;
				CLANG_WARN_OBJC_ROOT_CLASS = YES_ERROR;
				CLANG_WARN_RANGE_LOOP_ANALYSIS = YES;
				CLANG_WARN_STRICT_PROTOTYPES = YES;
				CLANG_WARN_SUSPICIOUS_MOVE = YES;
				CLANG_WARN_UNGUARDED_AVAILABILITY = YES_AGGRESSIVE;
				CLANG_WARN_UNREACHABLE_CODE = YES;
				CLANG_WARN__DUPLICATE_METHOD_MATCH = YES;
				CODE_SIGN_IDENTITY = "iPhone Developer";
				COPY_PHASE_STRIP = NO;
				DEBUG_INFORMATION_FORMAT = dwarf;
				ENABLE_STRICT_OBJC_MSGSEND = YES;
				ENABLE_TESTABILITY = YES;
				GCC_C_LANGUAGE_STANDARD = gnu11;
				GCC_DYNAMIC_NO_PIC = NO;
				GCC_NO_COMMON_BLOCKS = YES;
				GCC_OPTIMIZATION_LEVEL = 0;
				GCC_PREPROCESSOR_DEFINITIONS = (
					"DEBUG=1",
					"$(inherited)",
				);
				GCC_WARN_64_TO_32_BIT_CONVERSION = YES;
				GCC_WARN_ABOUT_RETURN_TYPE = YES_ERROR;
				GCC_WARN_UNDECLARED_SELECTOR = YES;
				GCC_WARN_UNINITIALIZED_AUTOS = YES_AGGRESSIVE;
				GCC_WARN_UNUSED_FUNCTION = YES;
				GCC_WARN_UNUSED_VARIABLE = YES;
				IPHONEOS_DEPLOYMENT_TARGET = 12.2;
				MTL_ENABLE_DEBUG_INFO = INCLUDE_SOURCE;
				MTL_FAST_MATH = YES;
				ONLY_ACTIVE_ARCH = YES;
				SDKROOT = iphoneos;
				SWIFT_ACTIVE_COMPILATION_CONDITIONS = DEBUG;
				SWIFT_OPTIMIZATION_LEVEL = "-Onone";
			};
			name = Debug;
		};
		BC28221B22C3B8B9009FF4FD /* Release */ = {
			isa = XCBuildConfiguration;
			buildSettings = {
				ALWAYS_SEARCH_USER_PATHS = NO;
				CLANG_ANALYZER_NONNULL = YES;
				CLANG_ANALYZER_NUMBER_OBJECT_CONVERSION = YES_AGGRESSIVE;
				CLANG_CXX_LANGUAGE_STANDARD = "gnu++14";
				CLANG_CXX_LIBRARY = "libc++";
				CLANG_ENABLE_MODULES = YES;
				CLANG_ENABLE_OBJC_ARC = YES;
				CLANG_ENABLE_OBJC_WEAK = YES;
				CLANG_WARN_BLOCK_CAPTURE_AUTORELEASING = YES;
				CLANG_WARN_BOOL_CONVERSION = YES;
				CLANG_WARN_COMMA = YES;
				CLANG_WARN_CONSTANT_CONVERSION = YES;
				CLANG_WARN_DEPRECATED_OBJC_IMPLEMENTATIONS = YES;
				CLANG_WARN_DIRECT_OBJC_ISA_USAGE = YES_ERROR;
				CLANG_WARN_DOCUMENTATION_COMMENTS = YES;
				CLANG_WARN_EMPTY_BODY = YES;
				CLANG_WARN_ENUM_CONVERSION = YES;
				CLANG_WARN_INFINITE_RECURSION = YES;
				CLANG_WARN_INT_CONVERSION = YES;
				CLANG_WARN_NON_LITERAL_NULL_CONVERSION = YES;
				CLANG_WARN_OBJC_IMPLICIT_RETAIN_SELF = YES;
				CLANG_WARN_OBJC_LITERAL_CONVERSION = YES;
				CLANG_WARN_OBJC_ROOT_CLASS = YES_ERROR;
				CLANG_WARN_RANGE_LOOP_ANALYSIS = YES;
				CLANG_WARN_STRICT_PROTOTYPES = YES;
				CLANG_WARN_SUSPICIOUS_MOVE = YES;
				CLANG_WARN_UNGUARDED_AVAILABILITY = YES_AGGRESSIVE;
				CLANG_WARN_UNREACHABLE_CODE = YES;
				CLANG_WARN__DUPLICATE_METHOD_MATCH = YES;
				CODE_SIGN_IDENTITY = "iPhone Developer";
				COPY_PHASE_STRIP = NO;
				DEBUG_INFORMATION_FORMAT = "dwarf-with-dsym";
				ENABLE_NS_ASSERTIONS = NO;
				ENABLE_STRICT_OBJC_MSGSEND = YES;
				GCC_C_LANGUAGE_STANDARD = gnu11;
				GCC_NO_COMMON_BLOCKS = YES;
				GCC_WARN_64_TO_32_BIT_CONVERSION = YES;
				GCC_WARN_ABOUT_RETURN_TYPE = YES_ERROR;
				GCC_WARN_UNDECLARED_SELECTOR = YES;
				GCC_WARN_UNINITIALIZED_AUTOS = YES_AGGRESSIVE;
				GCC_WARN_UNUSED_FUNCTION = YES;
				GCC_WARN_UNUSED_VARIABLE = YES;
				IPHONEOS_DEPLOYMENT_TARGET = 12.2;
				MTL_ENABLE_DEBUG_INFO = NO;
				MTL_FAST_MATH = YES;
				SDKROOT = iphoneos;
				SWIFT_COMPILATION_MODE = wholemodule;
				SWIFT_OPTIMIZATION_LEVEL = "-O";
				VALIDATE_PRODUCT = YES;
			};
			name = Release;
		};
		BC28221D22C3B8B9009FF4FD /* Debug */ = {
			isa = XCBuildConfiguration;
			buildSettings = {
				ASSETCATALOG_COMPILER_APPICON_NAME = AppIcon;
				CODE_SIGN_STYLE = Automatic;
				INFOPLIST_FILE = Askery/Info.plist;
				LD_RUNPATH_SEARCH_PATHS = (
					"$(inherited)",
					"@executable_path/Frameworks",
				);
				PRODUCT_BUNDLE_IDENTIFIER = com.vincidevs.ifts.Askery;
				PRODUCT_NAME = "$(TARGET_NAME)";
				SWIFT_VERSION = 5.0;
				TARGETED_DEVICE_FAMILY = 1;
			};
			name = Debug;
		};
		BC28221E22C3B8B9009FF4FD /* Release */ = {
			isa = XCBuildConfiguration;
			buildSettings = {
				ASSETCATALOG_COMPILER_APPICON_NAME = AppIcon;
				CODE_SIGN_STYLE = Automatic;
				INFOPLIST_FILE = Askery/Info.plist;
				LD_RUNPATH_SEARCH_PATHS = (
					"$(inherited)",
					"@executable_path/Frameworks",
				);
				PRODUCT_BUNDLE_IDENTIFIER = com.vincidevs.ifts.Askery;
				PRODUCT_NAME = "$(TARGET_NAME)";
				SWIFT_VERSION = 5.0;
				TARGETED_DEVICE_FAMILY = 1;
			};
			name = Release;
		};
/* End XCBuildConfiguration section */

/* Begin XCConfigurationList section */
		BC28220522C3B8B8009FF4FD /* Build configuration list for PBXProject "Askery" */ = {
			isa = XCConfigurationList;
			buildConfigurations = (
				BC28221A22C3B8B9009FF4FD /* Debug */,
				BC28221B22C3B8B9009FF4FD /* Release */,
			);
			defaultConfigurationIsVisible = 0;
			defaultConfigurationName = Release;
		};
		BC28221C22C3B8B9009FF4FD /* Build configuration list for PBXNativeTarget "Askery" */ = {
			isa = XCConfigurationList;
			buildConfigurations = (
				BC28221D22C3B8B9009FF4FD /* Debug */,
				BC28221E22C3B8B9009FF4FD /* Release */,
			);
			defaultConfigurationIsVisible = 0;
			defaultConfigurationName = Release;
		};
/* End XCConfigurationList section */
	};
	rootObject = BC28220222C3B8B8009FF4FD /* Project object */;
}
